
Microsoft Visual Studio Solution File, Format Version 12.00
# Visual Studio 14
VisualStudioVersion = 14.0.25420.1
MinimumVisualStudioVersion = 10.0.40219.1
Project("{FAE04EC0-301F-11D3-BF4B-00C04F79EFBC}") = "TrafalgarBattleAPI", "TrafalgarBattleAPI\TrafalgarBattleAPI.csproj", "{9320BEE1-BFEC-4A73-8EE9-E8CD54719A6E}"
EndProject
Project("{FAE04EC0-301F-11D3-BF4B-00C04F79EFBC}") = "TrafalgarBattleAPI.Tests", "TrafalgarBattleAPI.Tests\TrafalgarBattleAPI.Tests.csproj", "{59F0C658-699E-4914-9828-AF476B6340DD}"
EndProject
Global
	GlobalSection(SolutionConfigurationPlatforms) = preSolution
		Debug|Any CPU = Debug|Any CPU
		Release|Any CPU = Release|Any CPU
	EndGlobalSection
	GlobalSection(ProjectConfigurationPlatforms) = postSolution
		{9320BEE1-BFEC-4A73-8EE9-E8CD54719A6E}.Debug|Any CPU.ActiveCfg = Debug|Any CPU
		{9320BEE1-BFEC-4A73-8EE9-E8CD54719A6E}.Debug|Any CPU.Build.0 = Debug|Any CPU
		{9320BEE1-BFEC-4A73-8EE9-E8CD54719A6E}.Release|Any CPU.ActiveCfg = Release|Any CPU
		{9320BEE1-BFEC-4A73-8EE9-E8CD54719A6E}.Release|Any CPU.Build.0 = Release|Any CPU
		{59F0C658-699E-4914-9828-AF476B6340DD}.Debug|Any CPU.ActiveCfg = Debug|Any CPU
		{59F0C658-699E-4914-9828-AF476B6340DD}.Debug|Any CPU.Build.0 = Debug|Any CPU
		{59F0C658-699E-4914-9828-AF476B6340DD}.Release|Any CPU.ActiveCfg = Release|Any CPU
		{59F0C658-699E-4914-9828-AF476B6340DD}.Release|Any CPU.Build.0 = Release|Any CPU
	EndGlobalSection
	GlobalSection(SolutionProperties) = preSolution
		HideSolutionNode = FALSE
	EndGlobalSection
EndGlobal
